
Microsoft Visual Studio Solution File, Format Version 12.00
# Visual Studio Version 17
VisualStudioVersion = 17.3.32819.101
MinimumVisualStudioVersion = 10.0.40219.1
Project("{FAE04EC0-301F-11D3-BF4B-00C04F79EFBC}") = "TelefonDefteri", "TelefonDefteri\TelefonDefteri.csproj", "{1E6ABD98-623A-4321-AA05-FB31C236377C}"
EndProject
Global
	GlobalSection(SolutionConfigurationPlatforms) = preSolution
		Debug|Any CPU = Debug|Any CPU
		Release|Any CPU = Release|Any CPU
	EndGlobalSection
	GlobalSection(ProjectConfigurationPlatforms) = postSolution
		{1E6ABD98-623A-4321-AA05-FB31C236377C}.Debug|Any CPU.ActiveCfg = Debug|Any CPU
		{1E6ABD98-623A-4321-AA05-FB31C236377C}.Debug|Any CPU.Build.0 = Debug|Any CPU
		{1E6ABD98-623A-4321-AA05-FB31C236377C}.Release|Any CPU.ActiveCfg = Release|Any CPU
		{1E6ABD98-623A-4321-AA05-FB31C236377C}.Release|Any CPU.Build.0 = Release|Any CPU
	EndGlobalSection
	GlobalSection(SolutionProperties) = preSolution
		HideSolutionNode = FALSE
	EndGlobalSection
	GlobalSection(ExtensibilityGlobals) = postSolution
		SolutionGuid = {03703119-F31E-4854-A63D-F2A642BBD6E5}
	EndGlobalSection
EndGlobal
